
Microsoft Visual Studio Solution File, Format Version 12.00
# Visual Studio 15
VisualStudioVersion = 15.0.28307.421
MinimumVisualStudioVersion = 10.0.40219.1
Project("{FAE04EC0-301F-11D3-BF4B-00C04F79EFBC}") = "HotelModels", "HotelModels.csproj", "{2CDE23AD-75C8-46CF-802A-B78508FD3EE5}"
EndProject
Global
	GlobalSection(SolutionConfigurationPlatforms) = preSolution
		Debug|Any CPU = Debug|Any CPU
		Release|Any CPU = Release|Any CPU
	EndGlobalSection
	GlobalSection(ProjectConfigurationPlatforms) = postSolution
		{2CDE23AD-75C8-46CF-802A-B78508FD3EE5}.Debug|Any CPU.ActiveCfg = Debug|Any CPU
		{2CDE23AD-75C8-46CF-802A-B78508FD3EE5}.Debug|Any CPU.Build.0 = Debug|Any CPU
		{2CDE23AD-75C8-46CF-802A-B78508FD3EE5}.Release|Any CPU.ActiveCfg = Release|Any CPU
		{2CDE23AD-75C8-46CF-802A-B78508FD3EE5}.Release|Any CPU.Build.0 = Release|Any CPU
	EndGlobalSection
	GlobalSection(SolutionProperties) = preSolution
		HideSolutionNode = FALSE
	EndGlobalSection
	GlobalSection(ExtensibilityGlobals) = postSolution
		SolutionGuid = {D2C48566-756D-45D9-8F71-AC2D227A80C8}
	EndGlobalSection
EndGlobal
